schema: '2.0'
stages:
  preprocess:
    cmd: .\venv\Scripts\python src/preprocess.py --input data/titanic.csv 
      --output data/processed.csv
    deps:
    - path: data/titanic.csv
      hash: md5
      md5: 1c51c342be226780d459d205830307b2
      size: 11368
    - path: src/preprocess.py
      hash: md5
      md5: c03eaa9d7bd42d439272924f35d1d5b5
      size: 2183
    outs:
    - path: data/processed.csv
      hash: md5
      md5: 6a83e13fe5a6647ef8a7975b67abc7bd
      size: 6642
